
Microsoft Visual Studio Solution File, Format Version 12.00
# Visual Studio Version 16
VisualStudioVersion = 16.0.31025.194
MinimumVisualStudioVersion = 10.0.40219.1
Project("{9A19103F-16F7-4668-BE54-9A1E7A4F7556}") = "TaskAdmin", "TaskAdmin\TaskAdmin\TaskAdmin.csproj", "{FBDCD1A2-53DA-4146-A78B-93E3BA420C49}"
EndProject
Project("{FAE04EC0-301F-11D3-BF4B-00C04F79EFBC}") = "TaskAdminTests", "TaskAdminTests\TaskAdminTests.csproj", "{439AC6EB-2F1A-4287-B4AD-B38B02ED998C}"
EndProject
Global
	GlobalSection(SolutionConfigurationPlatforms) = preSolution
		Debug|Any CPU = Debug|Any CPU
		Release|Any CPU = Release|Any CPU
	EndGlobalSection
	GlobalSection(ProjectConfigurationPlatforms) = postSolution
		{FBDCD1A2-53DA-4146-A78B-93E3BA420C49}.Debug|Any CPU.ActiveCfg = Debug|Any CPU
		{FBDCD1A2-53DA-4146-A78B-93E3BA420C49}.Debug|Any CPU.Build.0 = Debug|Any CPU
		{FBDCD1A2-53DA-4146-A78B-93E3BA420C49}.Release|Any CPU.ActiveCfg = Release|Any CPU
		{FBDCD1A2-53DA-4146-A78B-93E3BA420C49}.Release|Any CPU.Build.0 = Release|Any CPU
		{439AC6EB-2F1A-4287-B4AD-B38B02ED998C}.Debug|Any CPU.ActiveCfg = Debug|Any CPU
		{439AC6EB-2F1A-4287-B4AD-B38B02ED998C}.Debug|Any CPU.Build.0 = Debug|Any CPU
		{439AC6EB-2F1A-4287-B4AD-B38B02ED998C}.Release|Any CPU.ActiveCfg = Release|Any CPU
		{439AC6EB-2F1A-4287-B4AD-B38B02ED998C}.Release|Any CPU.Build.0 = Release|Any CPU
	EndGlobalSection
	GlobalSection(SolutionProperties) = preSolution
		HideSolutionNode = FALSE
	EndGlobalSection
	GlobalSection(ExtensibilityGlobals) = postSolution
		SolutionGuid = {2EBA6D52-B096-4FCE-B798-20FE2805812D}
	EndGlobalSection
EndGlobal
